
Microsoft Visual Studio Solution File, Format Version 12.00
# Visual Studio Version 17
VisualStudioVersion = 17.4.33122.133
MinimumVisualStudioVersion = 10.0.40219.1
Project("{FAE04EC0-301F-11D3-BF4B-00C04F79EFBC}") = "cSharpAcademy_Drink_Menu", "cSharpAcademy_Drink_Menu.csproj", "{93B0D925-4B37-45C8-A66E-ABA2E975DC01}"
EndProject
Global
	GlobalSection(SolutionConfigurationPlatforms) = preSolution
		Debug|Any CPU = Debug|Any CPU
		Release|Any CPU = Release|Any CPU
	EndGlobalSection
	GlobalSection(ProjectConfigurationPlatforms) = postSolution
		{93B0D925-4B37-45C8-A66E-ABA2E975DC01}.Debug|Any CPU.ActiveCfg = Debug|Any CPU
		{93B0D925-4B37-45C8-A66E-ABA2E975DC01}.Debug|Any CPU.Build.0 = Debug|Any CPU
		{93B0D925-4B37-45C8-A66E-ABA2E975DC01}.Release|Any CPU.ActiveCfg = Release|Any CPU
		{93B0D925-4B37-45C8-A66E-ABA2E975DC01}.Release|Any CPU.Build.0 = Release|Any CPU
	EndGlobalSection
	GlobalSection(SolutionProperties) = preSolution
		HideSolutionNode = FALSE
	EndGlobalSection
	GlobalSection(ExtensibilityGlobals) = postSolution
		SolutionGuid = {7775BB9A-8DEF-4BAC-BA41-07E339A0429D}
	EndGlobalSection
EndGlobal
